{
  "name": "task",
  "version": "1.0.0",
  "lockfileVersion": 3,
  "requires": true,
  "packages": {
    "": {
      "name": "task",
      "version": "1.0.0",
      "license": "ISC",
      "dependencies": {
        "binary-insert": "^1.2.1"
      }
    },
    "node_modules/binary-insert": {
      "version": "1.2.1",
      "resolved": "https://registry.npmjs.org/binary-insert/-/binary-insert-1.2.1.tgz",
      "integrity": "sha512-CGsSYzBUL/QqnmL4CTwLQnnVBj5RqPCmVifo5SnqTSbH5heFPtDijsIZJCKmOaXowaYUiiDOc+eZUjpU6NdpMg=="
    }
  }
}
